
Microsoft Visual Studio Solution File, Format Version 12.00
# Visual Studio Version 16
VisualStudioVersion = 16.0.30413.136
MinimumVisualStudioVersion = 10.0.40219.1
Project("{9A19103F-16F7-4668-BE54-9A1E7A4F7556}") = "Task01", "Task01\Task01.csproj", "{CE7D57DD-E533-4438-BCF9-C1C6D7D90276}"
EndProject
Project("{9A19103F-16F7-4668-BE54-9A1E7A4F7556}") = "Task02", "..\Task02\Task02\Task02.csproj", "{04F7391C-E6F6-44A8-AD6F-AF40DF0AF398}"
EndProject
Project("{9A19103F-16F7-4668-BE54-9A1E7A4F7556}") = "Task03", "..\Task03\Task03.csproj", "{C1403D20-AB46-449E-864D-DF3C029C0FDC}"
EndProject
Project("{FAE04EC0-301F-11D3-BF4B-00C04F79EFBC}") = "Task04", "..\Task04\Task04.csproj", "{4CD16E7B-E4C8-47C4-9A1F-E0EB7E4A6CD4}"
EndProject
Project("{FAE04EC0-301F-11D3-BF4B-00C04F79EFBC}") = "Task05", "..\Task05\Task05.csproj", "{167A472A-FDF3-4A8B-B92A-6F0204570E33}"
EndProject
Global
	GlobalSection(SolutionConfigurationPlatforms) = preSolution
		Debug|Any CPU = Debug|Any CPU
		Release|Any CPU = Release|Any CPU
	EndGlobalSection
	GlobalSection(ProjectConfigurationPlatforms) = postSolution
		{CE7D57DD-E533-4438-BCF9-C1C6D7D90276}.Debug|Any CPU.ActiveCfg = Debug|Any CPU
		{CE7D57DD-E533-4438-BCF9-C1C6D7D90276}.Debug|Any CPU.Build.0 = Debug|Any CPU
		{CE7D57DD-E533-4438-BCF9-C1C6D7D90276}.Release|Any CPU.ActiveCfg = Release|Any CPU
		{CE7D57DD-E533-4438-BCF9-C1C6D7D90276}.Release|Any CPU.Build.0 = Release|Any CPU
		{04F7391C-E6F6-44A8-AD6F-AF40DF0AF398}.Debug|Any CPU.ActiveCfg = Debug|Any CPU
		{04F7391C-E6F6-44A8-AD6F-AF40DF0AF398}.Debug|Any CPU.Build.0 = Debug|Any CPU
		{04F7391C-E6F6-44A8-AD6F-AF40DF0AF398}.Release|Any CPU.ActiveCfg = Release|Any CPU
		{04F7391C-E6F6-44A8-AD6F-AF40DF0AF398}.Release|Any CPU.Build.0 = Release|Any CPU
		{C1403D20-AB46-449E-864D-DF3C029C0FDC}.Debug|Any CPU.ActiveCfg = Debug|Any CPU
		{C1403D20-AB46-449E-864D-DF3C029C0FDC}.Debug|Any CPU.Build.0 = Debug|Any CPU
		{C1403D20-AB46-449E-864D-DF3C029C0FDC}.Release|Any CPU.ActiveCfg = Release|Any CPU
		{C1403D20-AB46-449E-864D-DF3C029C0FDC}.Release|Any CPU.Build.0 = Release|Any CPU
		{4CD16E7B-E4C8-47C4-9A1F-E0EB7E4A6CD4}.Debug|Any CPU.ActiveCfg = Debug|Any CPU
		{4CD16E7B-E4C8-47C4-9A1F-E0EB7E4A6CD4}.Debug|Any CPU.Build.0 = Debug|Any CPU
		{4CD16E7B-E4C8-47C4-9A1F-E0EB7E4A6CD4}.Release|Any CPU.ActiveCfg = Release|Any CPU
		{4CD16E7B-E4C8-47C4-9A1F-E0EB7E4A6CD4}.Release|Any CPU.Build.0 = Release|Any CPU
		{167A472A-FDF3-4A8B-B92A-6F0204570E33}.Debug|Any CPU.ActiveCfg = Debug|Any CPU
		{167A472A-FDF3-4A8B-B92A-6F0204570E33}.Debug|Any CPU.Build.0 = Debug|Any CPU
		{167A472A-FDF3-4A8B-B92A-6F0204570E33}.Release|Any CPU.ActiveCfg = Release|Any CPU
		{167A472A-FDF3-4A8B-B92A-6F0204570E33}.Release|Any CPU.Build.0 = Release|Any CPU
	EndGlobalSection
	GlobalSection(SolutionProperties) = preSolution
		HideSolutionNode = FALSE
	EndGlobalSection
	GlobalSection(ExtensibilityGlobals) = postSolution
		SolutionGuid = {17FA207D-BE64-447F-AE53-3B0C1B7475FA}
	EndGlobalSection
EndGlobal
