
Microsoft Visual Studio Solution File, Format Version 12.00
# Visual Studio Version 16
VisualStudioVersion = 16.0.30413.136
MinimumVisualStudioVersion = 10.0.40219.1
Project("{FAE04EC0-301F-11D3-BF4B-00C04F79EFBC}") = "Task02", "Task02\Task02.csproj", "{EDDE7F41-25C1-46F8-BE3C-8BA0EE9E199F}"
EndProject
Project("{FAE04EC0-301F-11D3-BF4B-00C04F79EFBC}") = "Task03", "..\Task03\Task03.csproj", "{748088A0-6BE5-4ED1-8575-B7B9D39BD9DF}"
EndProject
Project("{9A19103F-16F7-4668-BE54-9A1E7A4F7556}") = "Task01", "..\Task01\Task01\Task01.csproj", "{72AE0886-DB58-45D1-BB49-C5FF11954FB5}"
EndProject
Global
	GlobalSection(SolutionConfigurationPlatforms) = preSolution
		Debug|Any CPU = Debug|Any CPU
		Release|Any CPU = Release|Any CPU
	EndGlobalSection
	GlobalSection(ProjectConfigurationPlatforms) = postSolution
		{EDDE7F41-25C1-46F8-BE3C-8BA0EE9E199F}.Debug|Any CPU.ActiveCfg = Debug|Any CPU
		{EDDE7F41-25C1-46F8-BE3C-8BA0EE9E199F}.Debug|Any CPU.Build.0 = Debug|Any CPU
		{EDDE7F41-25C1-46F8-BE3C-8BA0EE9E199F}.Release|Any CPU.ActiveCfg = Release|Any CPU
		{EDDE7F41-25C1-46F8-BE3C-8BA0EE9E199F}.Release|Any CPU.Build.0 = Release|Any CPU
		{748088A0-6BE5-4ED1-8575-B7B9D39BD9DF}.Debug|Any CPU.ActiveCfg = Debug|Any CPU
		{748088A0-6BE5-4ED1-8575-B7B9D39BD9DF}.Debug|Any CPU.Build.0 = Debug|Any CPU
		{748088A0-6BE5-4ED1-8575-B7B9D39BD9DF}.Release|Any CPU.ActiveCfg = Release|Any CPU
		{748088A0-6BE5-4ED1-8575-B7B9D39BD9DF}.Release|Any CPU.Build.0 = Release|Any CPU
		{72AE0886-DB58-45D1-BB49-C5FF11954FB5}.Debug|Any CPU.ActiveCfg = Debug|Any CPU
		{72AE0886-DB58-45D1-BB49-C5FF11954FB5}.Debug|Any CPU.Build.0 = Debug|Any CPU
		{72AE0886-DB58-45D1-BB49-C5FF11954FB5}.Release|Any CPU.ActiveCfg = Release|Any CPU
		{72AE0886-DB58-45D1-BB49-C5FF11954FB5}.Release|Any CPU.Build.0 = Release|Any CPU
	EndGlobalSection
	GlobalSection(SolutionProperties) = preSolution
		HideSolutionNode = FALSE
	EndGlobalSection
	GlobalSection(ExtensibilityGlobals) = postSolution
		SolutionGuid = {33B6145B-24C3-41F6-967B-7D3ADF7F63C2}
	EndGlobalSection
EndGlobal
